
Microsoft Visual Studio Solution File, Format Version 12.00
# Visual Studio Version 17
VisualStudioVersion = 17.12.35707.178
MinimumVisualStudioVersion = 10.0.40219.1
Project("{FAE04EC0-301F-11D3-BF4B-00C04F79EFBC}") = "matritsa", "matritsa\matritsa.csproj", "{C4149689-D046-45EF-9CDA-479B9E0D62D5}"
EndProject
Project("{FAE04EC0-301F-11D3-BF4B-00C04F79EFBC}") = "matritsa.Desktop", "matritsa.Desktop\matritsa.Desktop.csproj", "{160EC8CB-0F36-4257-9DC9-B96AD5FB41B5}"
EndProject
Project("{FAE04EC0-301F-11D3-BF4B-00C04F79EFBC}") = "Matritsa.PDFGenerator", "Matritsa.PDFGenerator\Matritsa.PDFGenerator.csproj", "{23656DC8-E193-4CA2-99B3-5C54DF30934A}"
EndProject
Global
	GlobalSection(SolutionConfigurationPlatforms) = preSolution
		Debug|Any CPU = Debug|Any CPU
		Release|Any CPU = Release|Any CPU
	EndGlobalSection
	GlobalSection(ProjectConfigurationPlatforms) = postSolution
		{C4149689-D046-45EF-9CDA-479B9E0D62D5}.Debug|Any CPU.ActiveCfg = Debug|Any CPU
		{C4149689-D046-45EF-9CDA-479B9E0D62D5}.Debug|Any CPU.Build.0 = Debug|Any CPU
		{C4149689-D046-45EF-9CDA-479B9E0D62D5}.Release|Any CPU.ActiveCfg = Release|Any CPU
		{C4149689-D046-45EF-9CDA-479B9E0D62D5}.Release|Any CPU.Build.0 = Release|Any CPU
		{160EC8CB-0F36-4257-9DC9-B96AD5FB41B5}.Debug|Any CPU.ActiveCfg = Debug|Any CPU
		{160EC8CB-0F36-4257-9DC9-B96AD5FB41B5}.Debug|Any CPU.Build.0 = Debug|Any CPU
		{160EC8CB-0F36-4257-9DC9-B96AD5FB41B5}.Release|Any CPU.ActiveCfg = Release|Any CPU
		{160EC8CB-0F36-4257-9DC9-B96AD5FB41B5}.Release|Any CPU.Build.0 = Release|Any CPU
		{23656DC8-E193-4CA2-99B3-5C54DF30934A}.Debug|Any CPU.ActiveCfg = Debug|Any CPU
		{23656DC8-E193-4CA2-99B3-5C54DF30934A}.Debug|Any CPU.Build.0 = Debug|Any CPU
		{23656DC8-E193-4CA2-99B3-5C54DF30934A}.Release|Any CPU.ActiveCfg = Release|Any CPU
		{23656DC8-E193-4CA2-99B3-5C54DF30934A}.Release|Any CPU.Build.0 = Release|Any CPU
	EndGlobalSection
	GlobalSection(SolutionProperties) = preSolution
		HideSolutionNode = FALSE
	EndGlobalSection
EndGlobal
